{"1.2.0",
[{<<"erlpool">>,{pkg,<<"erlpool">>,<<"1.4.5">>},0},
 {<<"yamerl">>,{pkg,<<"yamerl">>,<<"0.10.0">>},0}]}.
[
{pkg_hash,[
 {<<"erlpool">>, <<"574BBE32D7A9AA242CFD351DC9073B49ED3AA2C3BBBF1BBF76CA08CDA0C5EF51">>},
 {<<"yamerl">>, <<"4FF81FEE2F1F6A46F1700C0D880B24D193DDB74BD14EF42CB0BCF46E81EF2F8E">>}]},
{pkg_hash_ext,[
 {<<"erlpool">>, <<"B9CC4041358DCDAC78C0A2EDEAD2AA8D5EE444E69078E3D056F885F8F69AF44F">>},
 {<<"yamerl">>, <<"346ADB2963F1051DC837A2364E4ACF6EB7D80097C0F53CBDC3046EC8EC4B4E6E">>}]}
].
