{"1.2.0",
[{<<"erlpool">>,{pkg,<<"erlpool">>,<<"1.4.2">>},0},
 {<<"yamerl">>,{pkg,<<"yamerl">>,<<"0.10.0">>},0}]}.
[
{pkg_hash,[
 {<<"erlpool">>, <<"D1D1C5244F84B4CDDC6DF26D968AF8E519CA2C4C1F7B3B4CB6F72C4A08F036E2">>},
 {<<"yamerl">>, <<"4FF81FEE2F1F6A46F1700C0D880B24D193DDB74BD14EF42CB0BCF46E81EF2F8E">>}]},
{pkg_hash_ext,[
 {<<"erlpool">>, <<"934AF1F88C753CCA54B3BB1A06B5C4113CC1223B019CFA3D50C092E4EE9DDCD7">>},
 {<<"yamerl">>, <<"346ADB2963F1051DC837A2364E4ACF6EB7D80097C0F53CBDC3046EC8EC4B4E6E">>}]}
].
